// !$*UTF8*$!
{
	archiveVersion = 1;
	classes = {
	};
	objectVersion = 56;
	objects = {

/* Begin PBXBuildFile section */
		CD0FD36E2AAD0702001A62E8 /* FirebaseManager.swift in Sources */ = {isa = PBXBuildFile; fileRef = CD0FD36D2AAD0702001A62E8 /* FirebaseManager.swift */; };
		CD0FD3712AAD119B001A62E8 /* SDWebImageSwiftUI in Frameworks */ = {isa = PBXBuildFile; productRef = CD0FD3702AAD119B001A62E8 /* SDWebImageSwiftUI */; };
		CD1A5FAF2AC23688002A7005 /* ChatLogView.swift in Sources */ = {isa = PBXBuildFile; fileRef = CD1A5FAE2AC23688002A7005 /* ChatLogView.swift */; };
		CD3ACB5F2AA288B000EAA21F /* ImagePicker.swift in Sources */ = {isa = PBXBuildFile; fileRef = CD3ACB5E2AA288B000EAA21F /* ImagePicker.swift */; };
		CD57716B2AA13252006111CF /* SwiftUIFirebaseChatApp.swift in Sources */ = {isa = PBXBuildFile; fileRef = CD57716A2AA13252006111CF /* SwiftUIFirebaseChatApp.swift */; };
		CD57716D2AA13252006111CF /* LoginView.swift in Sources */ = {isa = PBXBuildFile; fileRef = CD57716C2AA13252006111CF /* LoginView.swift */; };
		CD57716F2AA13254006111CF /* Assets.xcassets in Resources */ = {isa = PBXBuildFile; fileRef = CD57716E2AA13254006111CF /* Assets.xcassets */; };
		CD5771722AA13254006111CF /* Preview Assets.xcassets in Resources */ = {isa = PBXBuildFile; fileRef = CD5771712AA13254006111CF /* Preview Assets.xcassets */; };
		CD57717E2AA1497A006111CF /* GoogleService-Info.plist in Resources */ = {isa = PBXBuildFile; fileRef = CD57717D2AA1497A006111CF /* GoogleService-Info.plist */; };
		CD7886752AA5580100AF4E93 /* MainMessagesView.swift in Sources */ = {isa = PBXBuildFile; fileRef = CD7886742AA5580100AF4E93 /* MainMessagesView.swift */; };
		CD9782202AD001F200C10103 /* FirebaseConstants.swift in Sources */ = {isa = PBXBuildFile; fileRef = CD97821F2AD001F200C10103 /* FirebaseConstants.swift */; };
		CD9782232AD0029900C10103 /* FirebaseAuth in Frameworks */ = {isa = PBXBuildFile; productRef = CD9782222AD0029900C10103 /* FirebaseAuth */; };
		CD9782252AD0029900C10103 /* FirebaseFirestore in Frameworks */ = {isa = PBXBuildFile; productRef = CD9782242AD0029900C10103 /* FirebaseFirestore */; };
		CD9782272AD0029900C10103 /* FirebaseFirestoreSwift in Frameworks */ = {isa = PBXBuildFile; productRef = CD9782262AD0029900C10103 /* FirebaseFirestoreSwift */; };
		CD9782292AD0029900C10103 /* FirebaseStorage in Frameworks */ = {isa = PBXBuildFile; productRef = CD9782282AD0029900C10103 /* FirebaseStorage */; };
		CD97822B2AD0031F00C10103 /* RecentMessage.swift in Sources */ = {isa = PBXBuildFile; fileRef = CD97822A2AD0031F00C10103 /* RecentMessage.swift */; };
		CD97822D2AD00AFB00C10103 /* ChatMessage.swift in Sources */ = {isa = PBXBuildFile; fileRef = CD97822C2AD00AFB00C10103 /* ChatMessage.swift */; };
		CDA70D922ABBEA620014361C /* CreateNewMessageView.swift in Sources */ = {isa = PBXBuildFile; fileRef = CDA70D912ABBEA620014361C /* CreateNewMessageView.swift */; };
		CDC9946B2AAEA38B0051EEEB /* ChatUser.swift in Sources */ = {isa = PBXBuildFile; fileRef = CDC9946A2AAEA38B0051EEEB /* ChatUser.swift */; };
/* End PBXBuildFile section */

/* Begin PBXFileReference section */
		CD0FD36D2AAD0702001A62E8 /* FirebaseManager.swift */ = {isa = PBXFileReference; lastKnownFileType = sourcecode.swift; path = FirebaseManager.swift; sourceTree = "<group>"; };
		CD1A5FAE2AC23688002A7005 /* ChatLogView.swift */ = {isa = PBXFileReference; lastKnownFileType = sourcecode.swift; path = ChatLogView.swift; sourceTree = "<group>"; };
		CD3ACB5E2AA288B000EAA21F /* ImagePicker.swift */ = {isa = PBXFileReference; lastKnownFileType = sourcecode.swift; path = ImagePicker.swift; sourceTree = "<group>"; };
		CD5771672AA13252006111CF /* SwiftUIFirebaseChat.app */ = {isa = PBXFileReference; explicitFileType = wrapper.application; includeInIndex = 0; path = SwiftUIFirebaseChat.app; sourceTree = BUILT_PRODUCTS_DIR; };
		CD57716A2AA13252006111CF /* SwiftUIFirebaseChatApp.swift */ = {isa = PBXFileReference; lastKnownFileType = sourcecode.swift; path = SwiftUIFirebaseChatApp.swift; sourceTree = "<group>"; };
		CD57716C2AA13252006111CF /* LoginView.swift */ = {isa = PBXFileReference; lastKnownFileType = sourcecode.swift; path = LoginView.swift; sourceTree = "<group>"; };
		CD57716E2AA13254006111CF /* Assets.xcassets */ = {isa = PBXFileReference; lastKnownFileType = folder.assetcatalog; path = Assets.xcassets; sourceTree = "<group>"; };
		CD5771712AA13254006111CF /* Preview Assets.xcassets */ = {isa = PBXFileReference; lastKnownFileType = folder.assetcatalog; path = "Preview Assets.xcassets"; sourceTree = "<group>"; };
		CD57717D2AA1497A006111CF /* GoogleService-Info.plist */ = {isa = PBXFileReference; fileEncoding = 4; lastKnownFileType = text.plist.xml; path = "GoogleService-Info.plist"; sourceTree = "<group>"; };
		CD7886742AA5580100AF4E93 /* MainMessagesView.swift */ = {isa = PBXFileReference; lastKnownFileType = sourcecode.swift; path = MainMessagesView.swift; sourceTree = "<group>"; };
		CD97821F2AD001F200C10103 /* FirebaseConstants.swift */ = {isa = PBXFileReference; lastKnownFileType = sourcecode.swift; path = FirebaseConstants.swift; sourceTree = "<group>"; };
		CD97822A2AD0031F00C10103 /* RecentMessage.swift */ = {isa = PBXFileReference; lastKnownFileType = sourcecode.swift; path = RecentMessage.swift; sourceTree = "<group>"; };
		CD97822C2AD00AFB00C10103 /* ChatMessage.swift */ = {isa = PBXFileReference; lastKnownFileType = sourcecode.swift; path = ChatMessage.swift; sourceTree = "<group>"; };
		CDA70D912ABBEA620014361C /* CreateNewMessageView.swift */ = {isa = PBXFileReference; lastKnownFileType = sourcecode.swift; path = CreateNewMessageView.swift; sourceTree = "<group>"; };
		CDC9946A2AAEA38B0051EEEB /* ChatUser.swift */ = {isa = PBXFileReference; lastKnownFileType = sourcecode.swift; path = ChatUser.swift; sourceTree = "<group>"; };
/* End PBXFileReference section */

/* Begin PBXFrameworksBuildPhase section */
		CD5771642AA13252006111CF /* Frameworks */ = {
			isa = PBXFrameworksBuildPhase;
			buildActionMask = 2147483647;
			files = (
				CD0FD3712AAD119B001A62E8 /* SDWebImageSwiftUI in Frameworks */,
				CD9782232AD0029900C10103 /* FirebaseAuth in Frameworks */,
				CD9782252AD0029900C10103 /* FirebaseFirestore in Frameworks */,
				CD9782292AD0029900C10103 /* FirebaseStorage in Frameworks */,
				CD9782272AD0029900C10103 /* FirebaseFirestoreSwift in Frameworks */,
			);
			runOnlyForDeploymentPostprocessing = 0;
		};
/* End PBXFrameworksBuildPhase section */

/* Begin PBXGroup section */
		CD0FD36C2AAD06ED001A62E8 /* Utils */ = {
			isa = PBXGroup;
			children = (
				CD0FD36D2AAD0702001A62E8 /* FirebaseManager.swift */,
				CD97821F2AD001F200C10103 /* FirebaseConstants.swift */,
				CD97822C2AD00AFB00C10103 /* ChatMessage.swift */,
			);
			path = Utils;
			sourceTree = "<group>";
		};
		CD1A5FAD2AC23673002A7005 /* Chat */ = {
			isa = PBXGroup;
			children = (
				CD1A5FAE2AC23688002A7005 /* ChatLogView.swift */,
			);
			path = Chat;
			sourceTree = "<group>";
		};
		CD57715E2AA13252006111CF = {
			isa = PBXGroup;
			children = (
				CD5771692AA13252006111CF /* SwiftUIFirebaseChat */,
				CD5771682AA13252006111CF /* Products */,
			);
			sourceTree = "<group>";
		};
		CD5771682AA13252006111CF /* Products */ = {
			isa = PBXGroup;
			children = (
				CD5771672AA13252006111CF /* SwiftUIFirebaseChat.app */,
			);
			name = Products;
			sourceTree = "<group>";
		};
		CD5771692AA13252006111CF /* SwiftUIFirebaseChat */ = {
			isa = PBXGroup;
			children = (
				CDC994692AAEA3650051EEEB /* Model */,
				CD0FD36C2AAD06ED001A62E8 /* Utils */,
				CD7886732AA557EF00AF4E93 /* MainMessages */,
				CD57716A2AA13252006111CF /* SwiftUIFirebaseChatApp.swift */,
				CD57716C2AA13252006111CF /* LoginView.swift */,
				CD3ACB5E2AA288B000EAA21F /* ImagePicker.swift */,
				CD57717D2AA1497A006111CF /* GoogleService-Info.plist */,
				CD57716E2AA13254006111CF /* Assets.xcassets */,
				CD5771702AA13254006111CF /* Preview Content */,
			);
			path = SwiftUIFirebaseChat;
			sourceTree = "<group>";
		};
		CD5771702AA13254006111CF /* Preview Content */ = {
			isa = PBXGroup;
			children = (
				CD5771712AA13254006111CF /* Preview Assets.xcassets */,
			);
			path = "Preview Content";
			sourceTree = "<group>";
		};
		CD7886732AA557EF00AF4E93 /* MainMessages */ = {
			isa = PBXGroup;
			children = (
				CD1A5FAD2AC23673002A7005 /* Chat */,
				CDA70D902ABBEA3D0014361C /* NewMessage */,
				CD7886742AA5580100AF4E93 /* MainMessagesView.swift */,
			);
			path = MainMessages;
			sourceTree = "<group>";
		};
		CDA70D902ABBEA3D0014361C /* NewMessage */ = {
			isa = PBXGroup;
			children = (
				CDA70D912ABBEA620014361C /* CreateNewMessageView.swift */,
			);
			path = NewMessage;
			sourceTree = "<group>";
		};
		CDC994692AAEA3650051EEEB /* Model */ = {
			isa = PBXGroup;
			children = (
				CDC9946A2AAEA38B0051EEEB /* ChatUser.swift */,
				CD97822A2AD0031F00C10103 /* RecentMessage.swift */,
			);
			path = Model;
			sourceTree = "<group>";
		};
/* End PBXGroup section */

/* Begin PBXNativeTarget section */
		CD5771662AA13252006111CF /* SwiftUIFirebaseChat */ = {
			isa = PBXNativeTarget;
			buildConfigurationList = CD5771752AA13254006111CF /* Build configuration list for PBXNativeTarget "SwiftUIFirebaseChat" */;
			buildPhases = (
				CD5771632AA13252006111CF /* Sources */,
				CD5771642AA13252006111CF /* Frameworks */,
				CD5771652AA13252006111CF /* Resources */,
			);
			buildRules = (
			);
			dependencies = (
			);
			name = SwiftUIFirebaseChat;
			packageProductDependencies = (
				CD0FD3702AAD119B001A62E8 /* SDWebImageSwiftUI */,
				CD9782222AD0029900C10103 /* FirebaseAuth */,
				CD9782242AD0029900C10103 /* FirebaseFirestore */,
				CD9782262AD0029900C10103 /* FirebaseFirestoreSwift */,
				CD9782282AD0029900C10103 /* FirebaseStorage */,
			);
			productName = SwiftUIFirebaseChat;
			productReference = CD5771672AA13252006111CF /* SwiftUIFirebaseChat.app */;
			productType = "com.apple.product-type.application";
		};
/* End PBXNativeTarget section */

/* Begin PBXProject section */
		CD57715F2AA13252006111CF /* Project object */ = {
			isa = PBXProject;
			attributes = {
				BuildIndependentTargetsInParallel = 1;
				LastSwiftUpdateCheck = 1430;
				LastUpgradeCheck = 1430;
				TargetAttributes = {
					CD5771662AA13252006111CF = {
						CreatedOnToolsVersion = 14.3.1;
					};
				};
			};
			buildConfigurationList = CD5771622AA13252006111CF /* Build configuration list for PBXProject "SwiftUIFirebaseChat" */;
			compatibilityVersion = "Xcode 14.0";
			developmentRegion = en;
			hasScannedForEncodings = 0;
			knownRegions = (
				en,
				Base,
			);
			mainGroup = CD57715E2AA13252006111CF;
			packageReferences = (
				CD0FD36F2AAD119A001A62E8 /* XCRemoteSwiftPackageReference "SDWebImageSwiftUI" */,
				CD9782212AD0029900C10103 /* XCRemoteSwiftPackageReference "firebase-ios-sdk" */,
			);
			productRefGroup = CD5771682AA13252006111CF /* Products */;
			projectDirPath = "";
			projectRoot = "";
			targets = (
				CD5771662AA13252006111CF /* SwiftUIFirebaseChat */,
			);
		};
/* End PBXProject section */

/* Begin PBXResourcesBuildPhase section */
		CD5771652AA13252006111CF /* Resources */ = {
			isa = PBXResourcesBuildPhase;
			buildActionMask = 2147483647;
			files = (
				CD5771722AA13254006111CF /* Preview Assets.xcassets in Resources */,
				CD57716F2AA13254006111CF /* Assets.xcassets in Resources */,
				CD57717E2AA1497A006111CF /* GoogleService-Info.plist in Resources */,
			);
			runOnlyForDeploymentPostprocessing = 0;
		};
/* End PBXResourcesBuildPhase section */

/* Begin PBXSourcesBuildPhase section */
		CD5771632AA13252006111CF /* Sources */ = {
			isa = PBXSourcesBuildPhase;
			buildActionMask = 2147483647;
			files = (
				CDC9946B2AAEA38B0051EEEB /* ChatUser.swift in Sources */,
				CD1A5FAF2AC23688002A7005 /* ChatLogView.swift in Sources */,
				CD97822B2AD0031F00C10103 /* RecentMessage.swift in Sources */,
				CD3ACB5F2AA288B000EAA21F /* ImagePicker.swift in Sources */,
				CD7886752AA5580100AF4E93 /* MainMessagesView.swift in Sources */,
				CD97822D2AD00AFB00C10103 /* ChatMessage.swift in Sources */,
				CD0FD36E2AAD0702001A62E8 /* FirebaseManager.swift in Sources */,
				CD9782202AD001F200C10103 /* FirebaseConstants.swift in Sources */,
				CDA70D922ABBEA620014361C /* CreateNewMessageView.swift in Sources */,
				CD57716D2AA13252006111CF /* LoginView.swift in Sources */,
				CD57716B2AA13252006111CF /* SwiftUIFirebaseChatApp.swift in Sources */,
			);
			runOnlyForDeploymentPostprocessing = 0;
		};
/* End PBXSourcesBuildPhase section */

/* Begin XCBuildConfiguration section */
		CD5771732AA13254006111CF /* Debug */ = {
			isa = XCBuildConfiguration;
			buildSettings = {
				ALWAYS_SEARCH_USER_PATHS = NO;
				CLANG_ANALYZER_NONNULL = YES;
				CLANG_ANALYZER_NUMBER_OBJECT_CONVERSION = YES_AGGRESSIVE;
				CLANG_CXX_LANGUAGE_STANDARD = "gnu++20";
				CLANG_ENABLE_MODULES = YES;
				CLANG_ENABLE_OBJC_ARC = YES;
				CLANG_ENABLE_OBJC_WEAK = YES;
				CLANG_WARN_BLOCK_CAPTURE_AUTORELEASING = YES;
				CLANG_WARN_BOOL_CONVERSION = YES;
				CLANG_WARN_COMMA = YES;
				CLANG_WARN_CONSTANT_CONVERSION = YES;
				CLANG_WARN_DEPRECATED_OBJC_IMPLEMENTATIONS = YES;
				CLANG_WARN_DIRECT_OBJC_ISA_USAGE = YES_ERROR;
				CLANG_WARN_DOCUMENTATION_COMMENTS = YES;
				CLANG_WARN_EMPTY_BODY = YES;
				CLANG_WARN_ENUM_CONVERSION = YES;
				CLANG_WARN_INFINITE_RECURSION = YES;
				CLANG_WARN_INT_CONVERSION = YES;
				CLANG_WARN_NON_LITERAL_NULL_CONVERSION = YES;
				CLANG_WARN_OBJC_IMPLICIT_RETAIN_SELF = YES;
				CLANG_WARN_OBJC_LITERAL_CONVERSION = YES;
				CLANG_WARN_OBJC_ROOT_CLASS = YES_ERROR;
				CLANG_WARN_QUOTED_INCLUDE_IN_FRAMEWORK_HEADER = YES;
				CLANG_WARN_RANGE_LOOP_ANALYSIS = YES;
				CLANG_WARN_STRICT_PROTOTYPES = YES;
				CLANG_WARN_SUSPICIOUS_MOVE = YES;
				CLANG_WARN_UNGUARDED_AVAILABILITY = YES_AGGRESSIVE;
				CLANG_WARN_UNREACHABLE_CODE = YES;
				CLANG_WARN__DUPLICATE_METHOD_MATCH = YES;
				COPY_PHASE_STRIP = NO;
				DEBUG_INFORMATION_FORMAT = dwarf;
				ENABLE_STRICT_OBJC_MSGSEND = YES;
				ENABLE_TESTABILITY = YES;
				GCC_C_LANGUAGE_STANDARD = gnu11;
				GCC_DYNAMIC_NO_PIC = NO;
				GCC_NO_COMMON_BLOCKS = YES;
				GCC_OPTIMIZATION_LEVEL = 0;
				GCC_PREPROCESSOR_DEFINITIONS = (
					"DEBUG=1",
					"$(inherited)",
				);
				GCC_WARN_64_TO_32_BIT_CONVERSION = YES;
				GCC_WARN_ABOUT_RETURN_TYPE = YES_ERROR;
				GCC_WARN_UNDECLARED_SELECTOR = YES;
				GCC_WARN_UNINITIALIZED_AUTOS = YES_AGGRESSIVE;
				GCC_WARN_UNUSED_FUNCTION = YES;
				GCC_WARN_UNUSED_VARIABLE = YES;
				IPHONEOS_DEPLOYMENT_TARGET = 16.4;
				MTL_ENABLE_DEBUG_INFO = INCLUDE_SOURCE;
				MTL_FAST_MATH = YES;
				ONLY_ACTIVE_ARCH = YES;
				SDKROOT = iphoneos;
				SWIFT_ACTIVE_COMPILATION_CONDITIONS = DEBUG;
				SWIFT_OPTIMIZATION_LEVEL = "-Onone";
			};
			name = Debug;
		};
		CD5771742AA13254006111CF /* Release */ = {
			isa = XCBuildConfiguration;
			buildSettings = {
				ALWAYS_SEARCH_USER_PATHS = NO;
				CLANG_ANALYZER_NONNULL = YES;
				CLANG_ANALYZER_NUMBER_OBJECT_CONVERSION = YES_AGGRESSIVE;
				CLANG_CXX_LANGUAGE_STANDARD = "gnu++20";
				CLANG_ENABLE_MODULES = YES;
				CLANG_ENABLE_OBJC_ARC = YES;
				CLANG_ENABLE_OBJC_WEAK = YES;
				CLANG_WARN_BLOCK_CAPTURE_AUTORELEASING = YES;
				CLANG_WARN_BOOL_CONVERSION = YES;
				CLANG_WARN_COMMA = YES;
				CLANG_WARN_CONSTANT_CONVERSION = YES;
				CLANG_WARN_DEPRECATED_OBJC_IMPLEMENTATIONS = YES;
				CLANG_WARN_DIRECT_OBJC_ISA_USAGE = YES_ERROR;
				CLANG_WARN_DOCUMENTATION_COMMENTS = YES;
				CLANG_WARN_EMPTY_BODY = YES;
				CLANG_WARN_ENUM_CONVERSION = YES;
				CLANG_WARN_INFINITE_RECURSION = YES;
				CLANG_WARN_INT_CONVERSION = YES;
				CLANG_WARN_NON_LITERAL_NULL_CONVERSION = YES;
				CLANG_WARN_OBJC_IMPLICIT_RETAIN_SELF = YES;
				CLANG_WARN_OBJC_LITERAL_CONVERSION = YES;
				CLANG_WARN_OBJC_ROOT_CLASS = YES_ERROR;
				CLANG_WARN_QUOTED_INCLUDE_IN_FRAMEWORK_HEADER = YES;
				CLANG_WARN_RANGE_LOOP_ANALYSIS = YES;
				CLANG_WARN_STRICT_PROTOTYPES = YES;
				CLANG_WARN_SUSPICIOUS_MOVE = YES;
				CLANG_WARN_UNGUARDED_AVAILABILITY = YES_AGGRESSIVE;
				CLANG_WARN_UNREACHABLE_CODE = YES;
				CLANG_WARN__DUPLICATE_METHOD_MATCH = YES;
				COPY_PHASE_STRIP = NO;
				DEBUG_INFORMATION_FORMAT = "dwarf-with-dsym";
				ENABLE_NS_ASSERTIONS = NO;
				ENABLE_STRICT_OBJC_MSGSEND = YES;
				GCC_C_LANGUAGE_STANDARD = gnu11;
				GCC_NO_COMMON_BLOCKS = YES;
				GCC_WARN_64_TO_32_BIT_CONVERSION = YES;
				GCC_WARN_ABOUT_RETURN_TYPE = YES_ERROR;
				GCC_WARN_UNDECLARED_SELECTOR = YES;
				GCC_WARN_UNINITIALIZED_AUTOS = YES_AGGRESSIVE;
				GCC_WARN_UNUSED_FUNCTION = YES;
				GCC_WARN_UNUSED_VARIABLE = YES;
				IPHONEOS_DEPLOYMENT_TARGET = 16.4;
				MTL_ENABLE_DEBUG_INFO = NO;
				MTL_FAST_MATH = YES;
				SDKROOT = iphoneos;
				SWIFT_COMPILATION_MODE = wholemodule;
				SWIFT_OPTIMIZATION_LEVEL = "-O";
				VALIDATE_PRODUCT = YES;
			};
			name = Release;
		};
		CD5771762AA13254006111CF /* Debug */ = {
			isa = XCBuildConfiguration;
			buildSettings = {
				ASSETCATALOG_COMPILER_APPICON_NAME = AppIcon;
				ASSETCATALOG_COMPILER_GLOBAL_ACCENT_COLOR_NAME = AccentColor;
				CODE_SIGN_STYLE = Automatic;
				CURRENT_PROJECT_VERSION = 1;
				DEVELOPMENT_ASSET_PATHS = "\"SwiftUIFirebaseChat/Preview Content\"";
				ENABLE_PREVIEWS = YES;
				GENERATE_INFOPLIST_FILE = YES;
				INFOPLIST_KEY_UIApplicationSceneManifest_Generation = YES;
				INFOPLIST_KEY_UIApplicationSupportsIndirectInputEvents = YES;
				INFOPLIST_KEY_UILaunchScreen_Generation = YES;
				INFOPLIST_KEY_UISupportedInterfaceOrientations_iPad = "UIInterfaceOrientationPortrait UIInterfaceOrientationPortraitUpsideDown UIInterfaceOrientationLandscapeLeft UIInterfaceOrientationLandscapeRight";
				INFOPLIST_KEY_UISupportedInterfaceOrientations_iPhone = "UIInterfaceOrientationPortrait UIInterfaceOrientationLandscapeLeft UIInterfaceOrientationLandscapeRight";
				LD_RUNPATH_SEARCH_PATHS = (
					"$(inherited)",
					"@executable_path/Frameworks",
				);
				MARKETING_VERSION = 1.0;
				PRODUCT_BUNDLE_IDENTIFIER = co.wenxu.SwiftUIFirebaseChat;
				PRODUCT_NAME = "$(TARGET_NAME)";
				SWIFT_EMIT_LOC_STRINGS = YES;
				SWIFT_VERSION = 5.0;
				TARGETED_DEVICE_FAMILY = "1,2";
			};
			name = Debug;
		};
		CD5771772AA13254006111CF /* Release */ = {
			isa = XCBuildConfiguration;
			buildSettings = {
				ASSETCATALOG_COMPILER_APPICON_NAME = AppIcon;
				ASSETCATALOG_COMPILER_GLOBAL_ACCENT_COLOR_NAME = AccentColor;
				CODE_SIGN_STYLE = Automatic;
				CURRENT_PROJECT_VERSION = 1;
				DEVELOPMENT_ASSET_PATHS = "\"SwiftUIFirebaseChat/Preview Content\"";
				ENABLE_PREVIEWS = YES;
				GENERATE_INFOPLIST_FILE = YES;
				INFOPLIST_KEY_UIApplicationSceneManifest_Generation = YES;
				INFOPLIST_KEY_UIApplicationSupportsIndirectInputEvents = YES;
				INFOPLIST_KEY_UILaunchScreen_Generation = YES;
				INFOPLIST_KEY_UISupportedInterfaceOrientations_iPad = "UIInterfaceOrientationPortrait UIInterfaceOrientationPortraitUpsideDown UIInterfaceOrientationLandscapeLeft UIInterfaceOrientationLandscapeRight";
				INFOPLIST_KEY_UISupportedInterfaceOrientations_iPhone = "UIInterfaceOrientationPortrait UIInterfaceOrientationLandscapeLeft UIInterfaceOrientationLandscapeRight";
				LD_RUNPATH_SEARCH_PATHS = (
					"$(inherited)",
					"@executable_path/Frameworks",
				);
				MARKETING_VERSION = 1.0;
				PRODUCT_BUNDLE_IDENTIFIER = co.wenxu.SwiftUIFirebaseChat;
				PRODUCT_NAME = "$(TARGET_NAME)";
				SWIFT_EMIT_LOC_STRINGS = YES;
				SWIFT_VERSION = 5.0;
				TARGETED_DEVICE_FAMILY = "1,2";
			};
			name = Release;
		};
/* End XCBuildConfiguration section */

/* Begin XCConfigurationList section */
		CD5771622AA13252006111CF /* Build configuration list for PBXProject "SwiftUIFirebaseChat" */ = {
			isa = XCConfigurationList;
			buildConfigurations = (
				CD5771732AA13254006111CF /* Debug */,
				CD5771742AA13254006111CF /* Release */,
			);
			defaultConfigurationIsVisible = 0;
			defaultConfigurationName = Release;
		};
		CD5771752AA13254006111CF /* Build configuration list for PBXNativeTarget "SwiftUIFirebaseChat" */ = {
			isa = XCConfigurationList;
			buildConfigurations = (
				CD5771762AA13254006111CF /* Debug */,
				CD5771772AA13254006111CF /* Release */,
			);
			defaultConfigurationIsVisible = 0;
			defaultConfigurationName = Release;
		};
/* End XCConfigurationList section */

/* Begin XCRemoteSwiftPackageReference section */
		CD0FD36F2AAD119A001A62E8 /* XCRemoteSwiftPackageReference "SDWebImageSwiftUI" */ = {
			isa = XCRemoteSwiftPackageReference;
			repositoryURL = "https://github.com/SDWebImage/SDWebImageSwiftUI";
			requirement = {
				kind = upToNextMajorVersion;
				minimumVersion = 2.0.0;
			};
		};
		CD9782212AD0029900C10103 /* XCRemoteSwiftPackageReference "firebase-ios-sdk" */ = {
			isa = XCRemoteSwiftPackageReference;
			repositoryURL = "https://github.com/firebase/firebase-ios-sdk";
			requirement = {
				kind = upToNextMajorVersion;
				minimumVersion = 10.0.0;
			};
		};
/* End XCRemoteSwiftPackageReference section */

/* Begin XCSwiftPackageProductDependency section */
		CD0FD3702AAD119B001A62E8 /* SDWebImageSwiftUI */ = {
			isa = XCSwiftPackageProductDependency;
			package = CD0FD36F2AAD119A001A62E8 /* XCRemoteSwiftPackageReference "SDWebImageSwiftUI" */;
			productName = SDWebImageSwiftUI;
		};
		CD9782222AD0029900C10103 /* FirebaseAuth */ = {
			isa = XCSwiftPackageProductDependency;
			package = CD9782212AD0029900C10103 /* XCRemoteSwiftPackageReference "firebase-ios-sdk" */;
			productName = FirebaseAuth;
		};
		CD9782242AD0029900C10103 /* FirebaseFirestore */ = {
			isa = XCSwiftPackageProductDependency;
			package = CD9782212AD0029900C10103 /* XCRemoteSwiftPackageReference "firebase-ios-sdk" */;
			productName = FirebaseFirestore;
		};
		CD9782262AD0029900C10103 /* FirebaseFirestoreSwift */ = {
			isa = XCSwiftPackageProductDependency;
			package = CD9782212AD0029900C10103 /* XCRemoteSwiftPackageReference "firebase-ios-sdk" */;
			productName = FirebaseFirestoreSwift;
		};
		CD9782282AD0029900C10103 /* FirebaseStorage */ = {
			isa = XCSwiftPackageProductDependency;
			package = CD9782212AD0029900C10103 /* XCRemoteSwiftPackageReference "firebase-ios-sdk" */;
			productName = FirebaseStorage;
		};
/* End XCSwiftPackageProductDependency section */
	};
	rootObject = CD57715F2AA13252006111CF /* Project object */;
}
